# This file is autogenerated, do not edit; changes may be undone by the next 'dep ensure'.


[[projects]]
  branch = "master"
  name = "github.com/deiu/gon3"
  packages = ["."]
  revision = "f84eb1e0bd629a62676207d0a47516da8338cf60"

[[projects]]
  branch = "master"
  name = "github.com/deiu/rdf2go"
  packages = ["."]
  revision = "3c24cc9e7afa7911177a566a10f9b5c75915f09d"

[[projects]]
  branch = "master"
  name = "github.com/linkeddata/gojsonld"
  packages = ["."]
  revision = "4f5db6791326b8962ede4edbba693edcf20fd1ad"

[[projects]]
  branch = "master"
  name = "github.com/rychipman/easylex"
  packages = ["."]
  revision = "49ee7767142fe77a736296b5069907f42a807763"

[[projects]]
  branch = "master"
  name = "github.com/wallix/triplestore"
  packages = ["."]
  revision = "4099dd913851642f2c0b71f9c1a0c6887748849c"

[solve-meta]
  analyzer-name = "dep"
  analyzer-version = 1
  inputs-digest = "95c78e1e85a85daebf272029760213a9369a62a306197e0d40f4ae8cdeeca33b"
  solver-name = "gps-cdcl"
  solver-version = 1
